// !$*UTF8*$!
{
	archiveVersion = 1;
	classes = {
	};
	objectVersion = 50;
	objects = {

/* Begin PBXBuildFile section */
		193CCB3A221F49550009ADFC /* AppDelegate.swift in Sources */ = {isa = PBXBuildFile; fileRef = 193CCB39221F49550009ADFC /* AppDelegate.swift */; };
		193CCB3C221F49550009ADFC /* RootViewController.swift in Sources */ = {isa = PBXBuildFile; fileRef = 193CCB3B221F49550009ADFC /* RootViewController.swift */; };
		193CCB3F221F49550009ADFC /* Main.storyboard in Resources */ = {isa = PBXBuildFile; fileRef = 193CCB3D221F49550009ADFC /* Main.storyboard */; };
		193CCB41221F49560009ADFC /* Assets.xcassets in Resources */ = {isa = PBXBuildFile; fileRef = 193CCB40221F49560009ADFC /* Assets.xcassets */; };
		193CCB44221F49560009ADFC /* LaunchScreen.storyboard in Resources */ = {isa = PBXBuildFile; fileRef = 193CCB42221F49560009ADFC /* LaunchScreen.storyboard */; };
		193CCB5F221F49F30009ADFC /* Layout.swift in Sources */ = {isa = PBXBuildFile; fileRef = 193CCB5E221F49F30009ADFC /* Layout.swift */; };
		193CCB61221F4A4A0009ADFC /* UICollectionView.swift in Sources */ = {isa = PBXBuildFile; fileRef = 193CCB60221F4A4A0009ADFC /* UICollectionView.swift */; };
		193CCB64221F4A890009ADFC /* Identifiable.swift in Sources */ = {isa = PBXBuildFile; fileRef = 193CCB63221F4A890009ADFC /* Identifiable.swift */; };
		193CCB67221F4AC00009ADFC /* Colors.swift in Sources */ = {isa = PBXBuildFile; fileRef = 193CCB66221F4AC00009ADFC /* Colors.swift */; };
		193CCB69221F4CE00009ADFC /* Spacing.swift in Sources */ = {isa = PBXBuildFile; fileRef = 193CCB68221F4CE00009ADFC /* Spacing.swift */; };
		193CCB6E221F4D840009ADFC /* Label.swift in Sources */ = {isa = PBXBuildFile; fileRef = 193CCB6D221F4D840009ADFC /* Label.swift */; };
		193CCB70221F4D8A0009ADFC /* Button.swift in Sources */ = {isa = PBXBuildFile; fileRef = 193CCB6F221F4D8A0009ADFC /* Button.swift */; };
		193CCB73221F4DC00009ADFC /* Label+Style.swift in Sources */ = {isa = PBXBuildFile; fileRef = 193CCB72221F4DC00009ADFC /* Label+Style.swift */; };
		193CCB75221F4DF40009ADFC /* Font.swift in Sources */ = {isa = PBXBuildFile; fileRef = 193CCB74221F4DF40009ADFC /* Font.swift */; };
		193CCB78221F50040009ADFC /* Button+Style.swift in Sources */ = {isa = PBXBuildFile; fileRef = 193CCB77221F50040009ADFC /* Button+Style.swift */; };
		193CCB7B221F523C0009ADFC /* String.swift in Sources */ = {isa = PBXBuildFile; fileRef = 193CCB7A221F523C0009ADFC /* String.swift */; };
		193CCB7E221F536C0009ADFC /* SetupViewController.swift in Sources */ = {isa = PBXBuildFile; fileRef = 193CCB7D221F536C0009ADFC /* SetupViewController.swift */; };
		193CCB80221F544F0009ADFC /* UIViewController.swift in Sources */ = {isa = PBXBuildFile; fileRef = 193CCB7F221F544F0009ADFC /* UIViewController.swift */; };
		196717BE222ABC2000D4A692 /* PlayButton.swift in Sources */ = {isa = PBXBuildFile; fileRef = 196717BD222ABC2000D4A692 /* PlayButton.swift */; };
		196717C0222C166A00D4A692 /* CGPoint.swift in Sources */ = {isa = PBXBuildFile; fileRef = 196717BF222C166A00D4A692 /* CGPoint.swift */; };
		1968AFA522230B7500A57704 /* PlayerViewController.swift in Sources */ = {isa = PBXBuildFile; fileRef = 1968AFA422230B7500A57704 /* PlayerViewController.swift */; };
		19706CBA2223394A000E68A2 /* NowPlayingClient.swift in Sources */ = {isa = PBXBuildFile; fileRef = 19706CB92223394A000E68A2 /* NowPlayingClient.swift */; };
		19706CBC22233DB1000E68A2 /* EdgeShadowLayer.swift in Sources */ = {isa = PBXBuildFile; fileRef = 19706CBB22233DB1000E68A2 /* EdgeShadowLayer.swift */; };
		19C0774422205B5F00AA17EB /* NetworkClient.swift in Sources */ = {isa = PBXBuildFile; fileRef = 19C0774322205B5F00AA17EB /* NetworkClient.swift */; };
		19C0774622205D3200AA17EB /* ServerInfoClient.swift in Sources */ = {isa = PBXBuildFile; fileRef = 19C0774522205D3200AA17EB /* ServerInfoClient.swift */; };
		19C0774822205DD900AA17EB /* Data.swift in Sources */ = {isa = PBXBuildFile; fileRef = 19C0774722205DD900AA17EB /* Data.swift */; };
		19C0774B2220683E00AA17EB /* ConnectionSetupHelper.swift in Sources */ = {isa = PBXBuildFile; fileRef = 19C0774A2220683E00AA17EB /* ConnectionSetupHelper.swift */; };
		19C0774F22206A7700AA17EB /* ServerConnection.swift in Sources */ = {isa = PBXBuildFile; fileRef = 19C0774E22206A7700AA17EB /* ServerConnection.swift */; };
		19C0775222207CDF00AA17EB /* LoadOverlayView.swift in Sources */ = {isa = PBXBuildFile; fileRef = 19C0775122207CDF00AA17EB /* LoadOverlayView.swift */; };
		19C0775422207D9700AA17EB /* UIColor.swift in Sources */ = {isa = PBXBuildFile; fileRef = 19C0775322207D9700AA17EB /* UIColor.swift */; };
		19C077562222E40C00AA17EB /* UIAlertController.swift in Sources */ = {isa = PBXBuildFile; fileRef = 19C077552222E40C00AA17EB /* UIAlertController.swift */; };
		19C077582222E69A00AA17EB /* Assets.swift in Sources */ = {isa = PBXBuildFile; fileRef = 19C077572222E69A00AA17EB /* Assets.swift */; };
		19E73E3E22495CDB0014664A /* StreamPlayer.swift in Sources */ = {isa = PBXBuildFile; fileRef = 19E73E3D22495CDB0014664A /* StreamPlayer.swift */; };
		19E73E4122495E140014664A /* AVFoundation.framework in Frameworks */ = {isa = PBXBuildFile; fileRef = 19E73E4022495E140014664A /* AVFoundation.framework */; };
/* End PBXBuildFile section */

/* Begin PBXFileReference section */
		193CCB36221F49550009ADFC /* jrk.app */ = {isa = PBXFileReference; explicitFileType = wrapper.application; includeInIndex = 0; path = jrk.app; sourceTree = BUILT_PRODUCTS_DIR; };
		193CCB39221F49550009ADFC /* AppDelegate.swift */ = {isa = PBXFileReference; lastKnownFileType = sourcecode.swift; path = AppDelegate.swift; sourceTree = "<group>"; };
		193CCB3B221F49550009ADFC /* RootViewController.swift */ = {isa = PBXFileReference; lastKnownFileType = sourcecode.swift; path = RootViewController.swift; sourceTree = "<group>"; };
		193CCB3E221F49550009ADFC /* Base */ = {isa = PBXFileReference; lastKnownFileType = file.storyboard; name = Base; path = Base.lproj/Main.storyboard; sourceTree = "<group>"; };
		193CCB40221F49560009ADFC /* Assets.xcassets */ = {isa = PBXFileReference; lastKnownFileType = folder.assetcatalog; path = Assets.xcassets; sourceTree = "<group>"; };
		193CCB43221F49560009ADFC /* Base */ = {isa = PBXFileReference; lastKnownFileType = file.storyboard; name = Base; path = Base.lproj/LaunchScreen.storyboard; sourceTree = "<group>"; };
		193CCB45221F49560009ADFC /* Info.plist */ = {isa = PBXFileReference; lastKnownFileType = text.plist.xml; path = Info.plist; sourceTree = "<group>"; };
		193CCB5E221F49F30009ADFC /* Layout.swift */ = {isa = PBXFileReference; lastKnownFileType = sourcecode.swift; path = Layout.swift; sourceTree = "<group>"; };
		193CCB60221F4A4A0009ADFC /* UICollectionView.swift */ = {isa = PBXFileReference; lastKnownFileType = sourcecode.swift; path = UICollectionView.swift; sourceTree = "<group>"; };
		193CCB63221F4A890009ADFC /* Identifiable.swift */ = {isa = PBXFileReference; lastKnownFileType = sourcecode.swift; path = Identifiable.swift; sourceTree = "<group>"; };
		193CCB66221F4AC00009ADFC /* Colors.swift */ = {isa = PBXFileReference; lastKnownFileType = sourcecode.swift; path = Colors.swift; sourceTree = "<group>"; };
		193CCB68221F4CE00009ADFC /* Spacing.swift */ = {isa = PBXFileReference; lastKnownFileType = sourcecode.swift; path = Spacing.swift; sourceTree = "<group>"; };
		193CCB6D221F4D840009ADFC /* Label.swift */ = {isa = PBXFileReference; lastKnownFileType = sourcecode.swift; path = Label.swift; sourceTree = "<group>"; };
		193CCB6F221F4D8A0009ADFC /* Button.swift */ = {isa = PBXFileReference; lastKnownFileType = sourcecode.swift; path = Button.swift; sourceTree = "<group>"; };
		193CCB72221F4DC00009ADFC /* Label+Style.swift */ = {isa = PBXFileReference; lastKnownFileType = sourcecode.swift; path = "Label+Style.swift"; sourceTree = "<group>"; };
		193CCB74221F4DF40009ADFC /* Font.swift */ = {isa = PBXFileReference; lastKnownFileType = sourcecode.swift; path = Font.swift; sourceTree = "<group>"; };
		193CCB77221F50040009ADFC /* Button+Style.swift */ = {isa = PBXFileReference; lastKnownFileType = sourcecode.swift; path = "Button+Style.swift"; sourceTree = "<group>"; };
		193CCB7A221F523C0009ADFC /* String.swift */ = {isa = PBXFileReference; lastKnownFileType = sourcecode.swift; path = String.swift; sourceTree = "<group>"; };
		193CCB7D221F536C0009ADFC /* SetupViewController.swift */ = {isa = PBXFileReference; lastKnownFileType = sourcecode.swift; path = SetupViewController.swift; sourceTree = "<group>"; };
		193CCB7F221F544F0009ADFC /* UIViewController.swift */ = {isa = PBXFileReference; lastKnownFileType = sourcecode.swift; path = UIViewController.swift; sourceTree = "<group>"; };
		196717BD222ABC2000D4A692 /* PlayButton.swift */ = {isa = PBXFileReference; lastKnownFileType = sourcecode.swift; path = PlayButton.swift; sourceTree = "<group>"; };
		196717BF222C166A00D4A692 /* CGPoint.swift */ = {isa = PBXFileReference; lastKnownFileType = sourcecode.swift; path = CGPoint.swift; sourceTree = "<group>"; };
		1968AFA422230B7500A57704 /* PlayerViewController.swift */ = {isa = PBXFileReference; lastKnownFileType = sourcecode.swift; path = PlayerViewController.swift; sourceTree = "<group>"; };
		19706CB92223394A000E68A2 /* NowPlayingClient.swift */ = {isa = PBXFileReference; lastKnownFileType = sourcecode.swift; path = NowPlayingClient.swift; sourceTree = "<group>"; };
		19706CBB22233DB1000E68A2 /* EdgeShadowLayer.swift */ = {isa = PBXFileReference; lastKnownFileType = sourcecode.swift; path = EdgeShadowLayer.swift; sourceTree = "<group>"; };
		19C0774322205B5F00AA17EB /* NetworkClient.swift */ = {isa = PBXFileReference; lastKnownFileType = sourcecode.swift; path = NetworkClient.swift; sourceTree = "<group>"; };
		19C0774522205D3200AA17EB /* ServerInfoClient.swift */ = {isa = PBXFileReference; lastKnownFileType = sourcecode.swift; path = ServerInfoClient.swift; sourceTree = "<group>"; };
		19C0774722205DD900AA17EB /* Data.swift */ = {isa = PBXFileReference; lastKnownFileType = sourcecode.swift; path = Data.swift; sourceTree = "<group>"; };
		19C0774A2220683E00AA17EB /* ConnectionSetupHelper.swift */ = {isa = PBXFileReference; lastKnownFileType = sourcecode.swift; path = ConnectionSetupHelper.swift; sourceTree = "<group>"; };
		19C0774E22206A7700AA17EB /* ServerConnection.swift */ = {isa = PBXFileReference; lastKnownFileType = sourcecode.swift; path = ServerConnection.swift; sourceTree = "<group>"; };
		19C0775122207CDF00AA17EB /* LoadOverlayView.swift */ = {isa = PBXFileReference; lastKnownFileType = sourcecode.swift; path = LoadOverlayView.swift; sourceTree = "<group>"; };
		19C0775322207D9700AA17EB /* UIColor.swift */ = {isa = PBXFileReference; lastKnownFileType = sourcecode.swift; path = UIColor.swift; sourceTree = "<group>"; };
		19C077552222E40C00AA17EB /* UIAlertController.swift */ = {isa = PBXFileReference; lastKnownFileType = sourcecode.swift; path = UIAlertController.swift; sourceTree = "<group>"; };
		19C077572222E69A00AA17EB /* Assets.swift */ = {isa = PBXFileReference; lastKnownFileType = sourcecode.swift; path = Assets.swift; sourceTree = "<group>"; };
		19E73E3D22495CDB0014664A /* StreamPlayer.swift */ = {isa = PBXFileReference; lastKnownFileType = sourcecode.swift; path = StreamPlayer.swift; sourceTree = "<group>"; };
		19E73E4022495E140014664A /* AVFoundation.framework */ = {isa = PBXFileReference; lastKnownFileType = wrapper.framework; name = AVFoundation.framework; path = System/Library/Frameworks/AVFoundation.framework; sourceTree = SDKROOT; };
/* End PBXFileReference section */

/* Begin PBXFrameworksBuildPhase section */
		193CCB33221F49550009ADFC /* Frameworks */ = {
			isa = PBXFrameworksBuildPhase;
			buildActionMask = 2147483647;
			files = (
				19E73E4122495E140014664A /* AVFoundation.framework in Frameworks */,
			);
			runOnlyForDeploymentPostprocessing = 0;
		};
/* End PBXFrameworksBuildPhase section */

/* Begin PBXGroup section */
		193CCB2D221F49550009ADFC = {
			isa = PBXGroup;
			children = (
				193CCB38221F49550009ADFC /* jrk */,
				193CCB37221F49550009ADFC /* Products */,
				19E73E3F22495E130014664A /* Frameworks */,
			);
			sourceTree = "<group>";
		};
		193CCB37221F49550009ADFC /* Products */ = {
			isa = PBXGroup;
			children = (
				193CCB36221F49550009ADFC /* jrk.app */,
			);
			name = Products;
			sourceTree = "<group>";
		};
		193CCB38221F49550009ADFC /* jrk */ = {
			isa = PBXGroup;
			children = (
				193CCB5A221F49A10009ADFC /* Storyboard */,
				193CCB59221F49950009ADFC /* Source */,
				193CCB40221F49560009ADFC /* Assets.xcassets */,
				193CCB45221F49560009ADFC /* Info.plist */,
			);
			path = jrk;
			sourceTree = "<group>";
		};
		193CCB59221F49950009ADFC /* Source */ = {
			isa = PBXGroup;
			children = (
				19C0774C22206A2F00AA17EB /* Core */,
				193CCB5B221F49C50009ADFC /* Extensions */,
				193CCB62221F4A7F0009ADFC /* Protocols */,
				19C0774222205B5300AA17EB /* Network */,
				19C0774122205B3600AA17EB /* View */,
				193CCB39221F49550009ADFC /* AppDelegate.swift */,
				19C077572222E69A00AA17EB /* Assets.swift */,
			);
			path = Source;
			sourceTree = "<group>";
		};
		193CCB5A221F49A10009ADFC /* Storyboard */ = {
			isa = PBXGroup;
			children = (
				193CCB42221F49560009ADFC /* LaunchScreen.storyboard */,
				193CCB3D221F49550009ADFC /* Main.storyboard */,
			);
			path = Storyboard;
			sourceTree = "<group>";
		};
		193CCB5B221F49C50009ADFC /* Extensions */ = {
			isa = PBXGroup;
			children = (
				193CCB79221F52340009ADFC /* Foundation */,
				193CCB5D221F49D10009ADFC /* UIKit */,
			);
			path = Extensions;
			sourceTree = "<group>";
		};
		193CCB5D221F49D10009ADFC /* UIKit */ = {
			isa = PBXGroup;
			children = (
				193CCB5E221F49F30009ADFC /* Layout.swift */,
				193CCB60221F4A4A0009ADFC /* UICollectionView.swift */,
				193CCB7F221F544F0009ADFC /* UIViewController.swift */,
				19C0775322207D9700AA17EB /* UIColor.swift */,
				19C077552222E40C00AA17EB /* UIAlertController.swift */,
				196717BF222C166A00D4A692 /* CGPoint.swift */,
			);
			path = UIKit;
			sourceTree = "<group>";
		};
		193CCB62221F4A7F0009ADFC /* Protocols */ = {
			isa = PBXGroup;
			children = (
				193CCB63221F4A890009ADFC /* Identifiable.swift */,
			);
			path = Protocols;
			sourceTree = "<group>";
		};
		193CCB65221F4AB70009ADFC /* DNA */ = {
			isa = PBXGroup;
			children = (
				193CCB66221F4AC00009ADFC /* Colors.swift */,
				193CCB68221F4CE00009ADFC /* Spacing.swift */,
				193CCB74221F4DF40009ADFC /* Font.swift */,
			);
			path = DNA;
			sourceTree = "<group>";
		};
		193CCB6A221F4D280009ADFC /* Fullscreen */ = {
			isa = PBXGroup;
			children = (
				1968AFA622230B7B00A57704 /* Player */,
				19C0775022207CC900AA17EB /* LoadOverlay */,
				193CCB7C221F535C0009ADFC /* Setup */,
				193CCB6B221F4D360009ADFC /* Root */,
			);
			path = Fullscreen;
			sourceTree = "<group>";
		};
		193CCB6B221F4D360009ADFC /* Root */ = {
			isa = PBXGroup;
			children = (
				193CCB3B221F49550009ADFC /* RootViewController.swift */,
			);
			path = Root;
			sourceTree = "<group>";
		};
		193CCB6C221F4D750009ADFC /* Components */ = {
			isa = PBXGroup;
			children = (
				196717BC222ABC1500D4A692 /* PlayButton */,
				19706CBD22233DDC000E68A2 /* EdgeShadowLayer */,
				193CCB76221F4FFA0009ADFC /* Button */,
				193CCB71221F4DB70009ADFC /* Label */,
			);
			path = Components;
			sourceTree = "<group>";
		};
		193CCB71221F4DB70009ADFC /* Label */ = {
			isa = PBXGroup;
			children = (
				193CCB6D221F4D840009ADFC /* Label.swift */,
				193CCB72221F4DC00009ADFC /* Label+Style.swift */,
			);
			path = Label;
			sourceTree = "<group>";
		};
		193CCB76221F4FFA0009ADFC /* Button */ = {
			isa = PBXGroup;
			children = (
				193CCB6F221F4D8A0009ADFC /* Button.swift */,
				193CCB77221F50040009ADFC /* Button+Style.swift */,
			);
			path = Button;
			sourceTree = "<group>";
		};
		193CCB79221F52340009ADFC /* Foundation */ = {
			isa = PBXGroup;
			children = (
				193CCB7A221F523C0009ADFC /* String.swift */,
				19C0774722205DD900AA17EB /* Data.swift */,
			);
			path = Foundation;
			sourceTree = "<group>";
		};
		193CCB7C221F535C0009ADFC /* Setup */ = {
			isa = PBXGroup;
			children = (
				193CCB7D221F536C0009ADFC /* SetupViewController.swift */,
			);
			path = Setup;
			sourceTree = "<group>";
		};
		196717BC222ABC1500D4A692 /* PlayButton */ = {
			isa = PBXGroup;
			children = (
				196717BD222ABC2000D4A692 /* PlayButton.swift */,
			);
			path = PlayButton;
			sourceTree = "<group>";
		};
		1968AFA622230B7B00A57704 /* Player */ = {
			isa = PBXGroup;
			children = (
				1968AFA422230B7500A57704 /* PlayerViewController.swift */,
			);
			path = Player;
			sourceTree = "<group>";
		};
		19706CBD22233DDC000E68A2 /* EdgeShadowLayer */ = {
			isa = PBXGroup;
			children = (
				19706CBB22233DB1000E68A2 /* EdgeShadowLayer.swift */,
			);
			path = EdgeShadowLayer;
			sourceTree = "<group>";
		};
		19C0774122205B3600AA17EB /* View */ = {
			isa = PBXGroup;
			children = (
				193CCB6C221F4D750009ADFC /* Components */,
				193CCB65221F4AB70009ADFC /* DNA */,
				193CCB6A221F4D280009ADFC /* Fullscreen */,
			);
			path = View;
			sourceTree = "<group>";
		};
		19C0774222205B5300AA17EB /* Network */ = {
			isa = PBXGroup;
			children = (
				19C0774322205B5F00AA17EB /* NetworkClient.swift */,
				19C0774522205D3200AA17EB /* ServerInfoClient.swift */,
				19706CB92223394A000E68A2 /* NowPlayingClient.swift */,
			);
			path = Network;
			sourceTree = "<group>";
		};
		19C0774C22206A2F00AA17EB /* Core */ = {
			isa = PBXGroup;
			children = (
				19E73E3C22495CB40014664A /* Player */,
				19C0774D22206A4400AA17EB /* Connection */,
			);
			path = Core;
			sourceTree = "<group>";
		};
		19C0774D22206A4400AA17EB /* Connection */ = {
			isa = PBXGroup;
			children = (
				19C0774A2220683E00AA17EB /* ConnectionSetupHelper.swift */,
				19C0774E22206A7700AA17EB /* ServerConnection.swift */,
			);
			path = Connection;
			sourceTree = "<group>";
		};
		19C0775022207CC900AA17EB /* LoadOverlay */ = {
			isa = PBXGroup;
			children = (
				19C0775122207CDF00AA17EB /* LoadOverlayView.swift */,
			);
			path = LoadOverlay;
			sourceTree = "<group>";
		};
		19E73E3C22495CB40014664A /* Player */ = {
			isa = PBXGroup;
			children = (
				19E73E3D22495CDB0014664A /* StreamPlayer.swift */,
			);
			path = Player;
			sourceTree = "<group>";
		};
		19E73E3F22495E130014664A /* Frameworks */ = {
			isa = PBXGroup;
			children = (
				19E73E4022495E140014664A /* AVFoundation.framework */,
			);
			name = Frameworks;
			sourceTree = "<group>";
		};
/* End PBXGroup section */

/* Begin PBXNativeTarget section */
		193CCB35221F49550009ADFC /* jrk */ = {
			isa = PBXNativeTarget;
			buildConfigurationList = 193CCB53221F49560009ADFC /* Build configuration list for PBXNativeTarget "jrk" */;
			buildPhases = (
				193CCB32221F49550009ADFC /* Sources */,
				193CCB33221F49550009ADFC /* Frameworks */,
				193CCB34221F49550009ADFC /* Resources */,
			);
			buildRules = (
			);
			dependencies = (
			);
			name = jrk;
			productName = jrk;
			productReference = 193CCB36221F49550009ADFC /* jrk.app */;
			productType = "com.apple.product-type.application";
		};
/* End PBXNativeTarget section */

/* Begin PBXProject section */
		193CCB2E221F49550009ADFC /* Project object */ = {
			isa = PBXProject;
			attributes = {
				LastSwiftUpdateCheck = 1010;
				LastUpgradeCheck = 1010;
				ORGANIZATIONNAME = "Joakim Stien";
				TargetAttributes = {
					193CCB35221F49550009ADFC = {
						CreatedOnToolsVersion = 10.1;
						LastSwiftMigration = 1020;
						SystemCapabilities = {
							com.apple.BackgroundModes = {
								enabled = 1;
							};
						};
					};
				};
			};
			buildConfigurationList = 193CCB31221F49550009ADFC /* Build configuration list for PBXProject "jrk" */;
			compatibilityVersion = "Xcode 9.3";
			developmentRegion = en;
			hasScannedForEncodings = 0;
			knownRegions = (
				en,
				Base,
			);
			mainGroup = 193CCB2D221F49550009ADFC;
			productRefGroup = 193CCB37221F49550009ADFC /* Products */;
			projectDirPath = "";
			projectRoot = "";
			targets = (
				193CCB35221F49550009ADFC /* jrk */,
			);
		};
/* End PBXProject section */

/* Begin PBXResourcesBuildPhase section */
		193CCB34221F49550009ADFC /* Resources */ = {
			isa = PBXResourcesBuildPhase;
			buildActionMask = 2147483647;
			files = (
				193CCB44221F49560009ADFC /* LaunchScreen.storyboard in Resources */,
				193CCB41221F49560009ADFC /* Assets.xcassets in Resources */,
				193CCB3F221F49550009ADFC /* Main.storyboard in Resources */,
			);
			runOnlyForDeploymentPostprocessing = 0;
		};
/* End PBXResourcesBuildPhase section */

/* Begin PBXSourcesBuildPhase section */
		193CCB32221F49550009ADFC /* Sources */ = {
			isa = PBXSourcesBuildPhase;
			buildActionMask = 2147483647;
			files = (
				196717C0222C166A00D4A692 /* CGPoint.swift in Sources */,
				193CCB69221F4CE00009ADFC /* Spacing.swift in Sources */,
				196717BE222ABC2000D4A692 /* PlayButton.swift in Sources */,
				193CCB7B221F523C0009ADFC /* String.swift in Sources */,
				19C077582222E69A00AA17EB /* Assets.swift in Sources */,
				193CCB75221F4DF40009ADFC /* Font.swift in Sources */,
				19706CBA2223394A000E68A2 /* NowPlayingClient.swift in Sources */,
				193CCB3C221F49550009ADFC /* RootViewController.swift in Sources */,
				193CCB73221F4DC00009ADFC /* Label+Style.swift in Sources */,
				19C0774422205B5F00AA17EB /* NetworkClient.swift in Sources */,
				193CCB67221F4AC00009ADFC /* Colors.swift in Sources */,
				19C0775422207D9700AA17EB /* UIColor.swift in Sources */,
				19C0774B2220683E00AA17EB /* ConnectionSetupHelper.swift in Sources */,
				19C077562222E40C00AA17EB /* UIAlertController.swift in Sources */,
				19C0774F22206A7700AA17EB /* ServerConnection.swift in Sources */,
				19C0774822205DD900AA17EB /* Data.swift in Sources */,
				19E73E3E22495CDB0014664A /* StreamPlayer.swift in Sources */,
				193CCB7E221F536C0009ADFC /* SetupViewController.swift in Sources */,
				19C0775222207CDF00AA17EB /* LoadOverlayView.swift in Sources */,
				19C0774622205D3200AA17EB /* ServerInfoClient.swift in Sources */,
				193CCB3A221F49550009ADFC /* AppDelegate.swift in Sources */,
				193CCB61221F4A4A0009ADFC /* UICollectionView.swift in Sources */,
				1968AFA522230B7500A57704 /* PlayerViewController.swift in Sources */,
				193CCB64221F4A890009ADFC /* Identifiable.swift in Sources */,
				193CCB6E221F4D840009ADFC /* Label.swift in Sources */,
				193CCB78221F50040009ADFC /* Button+Style.swift in Sources */,
				193CCB70221F4D8A0009ADFC /* Button.swift in Sources */,
				193CCB5F221F49F30009ADFC /* Layout.swift in Sources */,
				19706CBC22233DB1000E68A2 /* EdgeShadowLayer.swift in Sources */,
				193CCB80221F544F0009ADFC /* UIViewController.swift in Sources */,
			);
			runOnlyForDeploymentPostprocessing = 0;
		};
/* End PBXSourcesBuildPhase section */

/* Begin PBXVariantGroup section */
		193CCB3D221F49550009ADFC /* Main.storyboard */ = {
			isa = PBXVariantGroup;
			children = (
				193CCB3E221F49550009ADFC /* Base */,
			);
			name = Main.storyboard;
			sourceTree = "<group>";
		};
		193CCB42221F49560009ADFC /* LaunchScreen.storyboard */ = {
			isa = PBXVariantGroup;
			children = (
				193CCB43221F49560009ADFC /* Base */,
			);
			name = LaunchScreen.storyboard;
			sourceTree = "<group>";
		};
/* End PBXVariantGroup section */

/* Begin XCBuildConfiguration section */
		193CCB51221F49560009ADFC /* Debug */ = {
			isa = XCBuildConfiguration;
			buildSettings = {
				ALWAYS_SEARCH_USER_PATHS = NO;
				CLANG_ANALYZER_NONNULL = YES;
				CLANG_ANALYZER_NUMBER_OBJECT_CONVERSION = YES_AGGRESSIVE;
				CLANG_CXX_LANGUAGE_STANDARD = "gnu++14";
				CLANG_CXX_LIBRARY = "libc++";
				CLANG_ENABLE_MODULES = YES;
				CLANG_ENABLE_OBJC_ARC = YES;
				CLANG_ENABLE_OBJC_WEAK = YES;
				CLANG_WARN_BLOCK_CAPTURE_AUTORELEASING = YES;
				CLANG_WARN_BOOL_CONVERSION = YES;
				CLANG_WARN_COMMA = YES;
				CLANG_WARN_CONSTANT_CONVERSION = YES;
				CLANG_WARN_DEPRECATED_OBJC_IMPLEMENTATIONS = YES;
				CLANG_WARN_DIRECT_OBJC_ISA_USAGE = YES_ERROR;
				CLANG_WARN_DOCUMENTATION_COMMENTS = YES;
				CLANG_WARN_EMPTY_BODY = YES;
				CLANG_WARN_ENUM_CONVERSION = YES;
				CLANG_WARN_INFINITE_RECURSION = YES;
				CLANG_WARN_INT_CONVERSION = YES;
				CLANG_WARN_NON_LITERAL_NULL_CONVERSION = YES;
				CLANG_WARN_OBJC_IMPLICIT_RETAIN_SELF = YES;
				CLANG_WARN_OBJC_LITERAL_CONVERSION = YES;
				CLANG_WARN_OBJC_ROOT_CLASS = YES_ERROR;
				CLANG_WARN_RANGE_LOOP_ANALYSIS = YES;
				CLANG_WARN_STRICT_PROTOTYPES = YES;
				CLANG_WARN_SUSPICIOUS_MOVE = YES;
				CLANG_WARN_UNGUARDED_AVAILABILITY = YES_AGGRESSIVE;
				CLANG_WARN_UNREACHABLE_CODE = YES;
				CLANG_WARN__DUPLICATE_METHOD_MATCH = YES;
				CODE_SIGN_IDENTITY = "iPhone Developer";
				COPY_PHASE_STRIP = NO;
				DEBUG_INFORMATION_FORMAT = dwarf;
				ENABLE_STRICT_OBJC_MSGSEND = YES;
				ENABLE_TESTABILITY = YES;
				GCC_C_LANGUAGE_STANDARD = gnu11;
				GCC_DYNAMIC_NO_PIC = NO;
				GCC_NO_COMMON_BLOCKS = YES;
				GCC_OPTIMIZATION_LEVEL = 0;
				GCC_PREPROCESSOR_DEFINITIONS = (
					"DEBUG=1",
					"$(inherited)",
				);
				GCC_WARN_64_TO_32_BIT_CONVERSION = YES;
				GCC_WARN_ABOUT_RETURN_TYPE = YES_ERROR;
				GCC_WARN_UNDECLARED_SELECTOR = YES;
				GCC_WARN_UNINITIALIZED_AUTOS = YES_AGGRESSIVE;
				GCC_WARN_UNUSED_FUNCTION = YES;
				GCC_WARN_UNUSED_VARIABLE = YES;
				IPHONEOS_DEPLOYMENT_TARGET = 12.1;
				MTL_ENABLE_DEBUG_INFO = INCLUDE_SOURCE;
				MTL_FAST_MATH = YES;
				ONLY_ACTIVE_ARCH = YES;
				SDKROOT = iphoneos;
				SWIFT_ACTIVE_COMPILATION_CONDITIONS = DEBUG;
				SWIFT_OPTIMIZATION_LEVEL = "-Onone";
			};
			name = Debug;
		};
		193CCB52221F49560009ADFC /* Release */ = {
			isa = XCBuildConfiguration;
			buildSettings = {
				ALWAYS_SEARCH_USER_PATHS = NO;
				CLANG_ANALYZER_NONNULL = YES;
				CLANG_ANALYZER_NUMBER_OBJECT_CONVERSION = YES_AGGRESSIVE;
				CLANG_CXX_LANGUAGE_STANDARD = "gnu++14";
				CLANG_CXX_LIBRARY = "libc++";
				CLANG_ENABLE_MODULES = YES;
				CLANG_ENABLE_OBJC_ARC = YES;
				CLANG_ENABLE_OBJC_WEAK = YES;
				CLANG_WARN_BLOCK_CAPTURE_AUTORELEASING = YES;
				CLANG_WARN_BOOL_CONVERSION = YES;
				CLANG_WARN_COMMA = YES;
				CLANG_WARN_CONSTANT_CONVERSION = YES;
				CLANG_WARN_DEPRECATED_OBJC_IMPLEMENTATIONS = YES;
				CLANG_WARN_DIRECT_OBJC_ISA_USAGE = YES_ERROR;
				CLANG_WARN_DOCUMENTATION_COMMENTS = YES;
				CLANG_WARN_EMPTY_BODY = YES;
				CLANG_WARN_ENUM_CONVERSION = YES;
				CLANG_WARN_INFINITE_RECURSION = YES;
				CLANG_WARN_INT_CONVERSION = YES;
				CLANG_WARN_NON_LITERAL_NULL_CONVERSION = YES;
				CLANG_WARN_OBJC_IMPLICIT_RETAIN_SELF = YES;
				CLANG_WARN_OBJC_LITERAL_CONVERSION = YES;
				CLANG_WARN_OBJC_ROOT_CLASS = YES_ERROR;
				CLANG_WARN_RANGE_LOOP_ANALYSIS = YES;
				CLANG_WARN_STRICT_PROTOTYPES = YES;
				CLANG_WARN_SUSPICIOUS_MOVE = YES;
				CLANG_WARN_UNGUARDED_AVAILABILITY = YES_AGGRESSIVE;
				CLANG_WARN_UNREACHABLE_CODE = YES;
				CLANG_WARN__DUPLICATE_METHOD_MATCH = YES;
				CODE_SIGN_IDENTITY = "iPhone Developer";
				COPY_PHASE_STRIP = NO;
				DEBUG_INFORMATION_FORMAT = "dwarf-with-dsym";
				ENABLE_NS_ASSERTIONS = NO;
				ENABLE_STRICT_OBJC_MSGSEND = YES;
				GCC_C_LANGUAGE_STANDARD = gnu11;
				GCC_NO_COMMON_BLOCKS = YES;
				GCC_WARN_64_TO_32_BIT_CONVERSION = YES;
				GCC_WARN_ABOUT_RETURN_TYPE = YES_ERROR;
				GCC_WARN_UNDECLARED_SELECTOR = YES;
				GCC_WARN_UNINITIALIZED_AUTOS = YES_AGGRESSIVE;
				GCC_WARN_UNUSED_FUNCTION = YES;
				GCC_WARN_UNUSED_VARIABLE = YES;
				IPHONEOS_DEPLOYMENT_TARGET = 12.1;
				MTL_ENABLE_DEBUG_INFO = NO;
				MTL_FAST_MATH = YES;
				SDKROOT = iphoneos;
				SWIFT_COMPILATION_MODE = wholemodule;
				SWIFT_OPTIMIZATION_LEVEL = "-O";
				VALIDATE_PRODUCT = YES;
			};
			name = Release;
		};
		193CCB54221F49560009ADFC /* Debug */ = {
			isa = XCBuildConfiguration;
			buildSettings = {
				ASSETCATALOG_COMPILER_APPICON_NAME = AppIcon;
				CODE_SIGN_STYLE = Automatic;
				DEVELOPMENT_TEAM = WSQ25TFDK3;
				INFOPLIST_FILE = jrk/Info.plist;
				LD_RUNPATH_SEARCH_PATHS = (
					"$(inherited)",
					"@executable_path/Frameworks",
				);
				PRODUCT_BUNDLE_IDENTIFIER = no.jstien.jrk2;
				PRODUCT_NAME = "$(TARGET_NAME)";
				SWIFT_VERSION = 5.0;
				TARGETED_DEVICE_FAMILY = "1,2";
			};
			name = Debug;
		};
		193CCB55221F49560009ADFC /* Release */ = {
			isa = XCBuildConfiguration;
			buildSettings = {
				ASSETCATALOG_COMPILER_APPICON_NAME = AppIcon;
				CODE_SIGN_STYLE = Automatic;
				DEVELOPMENT_TEAM = WSQ25TFDK3;
				INFOPLIST_FILE = jrk/Info.plist;
				LD_RUNPATH_SEARCH_PATHS = (
					"$(inherited)",
					"@executable_path/Frameworks",
				);
				PRODUCT_BUNDLE_IDENTIFIER = no.jstien.jrk2;
				PRODUCT_NAME = "$(TARGET_NAME)";
				SWIFT_VERSION = 5.0;
				TARGETED_DEVICE_FAMILY = "1,2";
			};
			name = Release;
		};
/* End XCBuildConfiguration section */

/* Begin XCConfigurationList section */
		193CCB31221F49550009ADFC /* Build configuration list for PBXProject "jrk" */ = {
			isa = XCConfigurationList;
			buildConfigurations = (
				193CCB51221F49560009ADFC /* Debug */,
				193CCB52221F49560009ADFC /* Release */,
			);
			defaultConfigurationIsVisible = 0;
			defaultConfigurationName = Release;
		};
		193CCB53221F49560009ADFC /* Build configuration list for PBXNativeTarget "jrk" */ = {
			isa = XCConfigurationList;
			buildConfigurations = (
				193CCB54221F49560009ADFC /* Debug */,
				193CCB55221F49560009ADFC /* Release */,
			);
			defaultConfigurationIsVisible = 0;
			defaultConfigurationName = Release;
		};
/* End XCConfigurationList section */
	};
	rootObject = 193CCB2E221F49550009ADFC /* Project object */;
}
